
Microsoft Visual Studio Solution File, Format Version 12.00
# Visual Studio Version 17
VisualStudioVersion = 17.1.32407.343
MinimumVisualStudioVersion = 10.0.40219.1
Project("{9A19103F-16F7-4668-BE54-9A1E7A4F7556}") = "Scenario.Web", "Scenario.Web\Scenario.Web.csproj", "{045876F6-2E21-482A-9387-8DDEDCB59779}"
EndProject
Project("{9A19103F-16F7-4668-BE54-9A1E7A4F7556}") = "Scenario.Tests", "Scenario.Tests\Scenario.Tests.csproj", "{9417B349-E6E3-4ED0-9418-F48B38A65D09}"
EndProject
Project("{9A19103F-16F7-4668-BE54-9A1E7A4F7556}") = "Scenario", "Scenario\Scenario.csproj", "{A5B4C9B5-C48C-4995-A856-22ADD6E13DBC}"
EndProject
Global
	GlobalSection(SolutionConfigurationPlatforms) = preSolution
		Debug|Any CPU = Debug|Any CPU
		Release|Any CPU = Release|Any CPU
	EndGlobalSection
	GlobalSection(ProjectConfigurationPlatforms) = postSolution
		{045876F6-2E21-482A-9387-8DDEDCB59779}.Debug|Any CPU.ActiveCfg = Debug|Any CPU
		{045876F6-2E21-482A-9387-8DDEDCB59779}.Debug|Any CPU.Build.0 = Debug|Any CPU
		{045876F6-2E21-482A-9387-8DDEDCB59779}.Release|Any CPU.ActiveCfg = Release|Any CPU
		{045876F6-2E21-482A-9387-8DDEDCB59779}.Release|Any CPU.Build.0 = Release|Any CPU
		{9417B349-E6E3-4ED0-9418-F48B38A65D09}.Debug|Any CPU.ActiveCfg = Debug|Any CPU
		{9417B349-E6E3-4ED0-9418-F48B38A65D09}.Debug|Any CPU.Build.0 = Debug|Any CPU
		{9417B349-E6E3-4ED0-9418-F48B38A65D09}.Release|Any CPU.ActiveCfg = Release|Any CPU
		{9417B349-E6E3-4ED0-9418-F48B38A65D09}.Release|Any CPU.Build.0 = Release|Any CPU
		{A5B4C9B5-C48C-4995-A856-22ADD6E13DBC}.Debug|Any CPU.ActiveCfg = Debug|Any CPU
		{A5B4C9B5-C48C-4995-A856-22ADD6E13DBC}.Debug|Any CPU.Build.0 = Debug|Any CPU
		{A5B4C9B5-C48C-4995-A856-22ADD6E13DBC}.Release|Any CPU.ActiveCfg = Release|Any CPU
		{A5B4C9B5-C48C-4995-A856-22ADD6E13DBC}.Release|Any CPU.Build.0 = Release|Any CPU
	EndGlobalSection
	GlobalSection(SolutionProperties) = preSolution
		HideSolutionNode = FALSE
	EndGlobalSection
	GlobalSection(ExtensibilityGlobals) = postSolution
		SolutionGuid = {76405A6E-4070-4219-9A80-3206AF2633F0}
	EndGlobalSection
EndGlobal
